
Microsoft Visual Studio Solution File, Format Version 12.00
# Visual Studio Version 17
VisualStudioVersion = 17.9.34622.214
MinimumVisualStudioVersion = 10.0.40219.1
Project("{9A19103F-16F7-4668-BE54-9A1E7A4F7556}") = "BulkyWeb", "BulkyWeb\BulkyWeb.csproj", "{73FC6F09-8FDA-483D-B14B-CDF231D87FB9}"
EndProject
Project("{FAE04EC0-301F-11D3-BF4B-00C04F79EFBC}") = "Bulky.DataAccess", "Bulky.DataAccess\Bulky.DataAccess.csproj", "{116CCC6E-8A95-402F-BB96-E4AAD8950403}"
EndProject
Project("{FAE04EC0-301F-11D3-BF4B-00C04F79EFBC}") = "Bulky.Model", "Bulky.Model\Bulky.Model.csproj", "{A80B6BCC-DADB-47EE-A7BB-5FA0778C3848}"
EndProject
Project("{FAE04EC0-301F-11D3-BF4B-00C04F79EFBC}") = "Bulky.Utility", "Bulky.Utility\Bulky.Utility.csproj", "{6616F0D9-61D8-460D-BB61-F12B38803B64}"
EndProject
Global
	GlobalSection(SolutionConfigurationPlatforms) = preSolution
		Debug|Any CPU = Debug|Any CPU
		Release|Any CPU = Release|Any CPU
	EndGlobalSection
	GlobalSection(ProjectConfigurationPlatforms) = postSolution
		{73FC6F09-8FDA-483D-B14B-CDF231D87FB9}.Debug|Any CPU.ActiveCfg = Debug|Any CPU
		{73FC6F09-8FDA-483D-B14B-CDF231D87FB9}.Debug|Any CPU.Build.0 = Debug|Any CPU
		{73FC6F09-8FDA-483D-B14B-CDF231D87FB9}.Release|Any CPU.ActiveCfg = Release|Any CPU
		{73FC6F09-8FDA-483D-B14B-CDF231D87FB9}.Release|Any CPU.Build.0 = Release|Any CPU
		{116CCC6E-8A95-402F-BB96-E4AAD8950403}.Debug|Any CPU.ActiveCfg = Debug|Any CPU
		{116CCC6E-8A95-402F-BB96-E4AAD8950403}.Debug|Any CPU.Build.0 = Debug|Any CPU
		{116CCC6E-8A95-402F-BB96-E4AAD8950403}.Release|Any CPU.ActiveCfg = Release|Any CPU
		{116CCC6E-8A95-402F-BB96-E4AAD8950403}.Release|Any CPU.Build.0 = Release|Any CPU
		{A80B6BCC-DADB-47EE-A7BB-5FA0778C3848}.Debug|Any CPU.ActiveCfg = Debug|Any CPU
		{A80B6BCC-DADB-47EE-A7BB-5FA0778C3848}.Debug|Any CPU.Build.0 = Debug|Any CPU
		{A80B6BCC-DADB-47EE-A7BB-5FA0778C3848}.Release|Any CPU.ActiveCfg = Release|Any CPU
		{A80B6BCC-DADB-47EE-A7BB-5FA0778C3848}.Release|Any CPU.Build.0 = Release|Any CPU
		{6616F0D9-61D8-460D-BB61-F12B38803B64}.Debug|Any CPU.ActiveCfg = Debug|Any CPU
		{6616F0D9-61D8-460D-BB61-F12B38803B64}.Debug|Any CPU.Build.0 = Debug|Any CPU
		{6616F0D9-61D8-460D-BB61-F12B38803B64}.Release|Any CPU.ActiveCfg = Release|Any CPU
		{6616F0D9-61D8-460D-BB61-F12B38803B64}.Release|Any CPU.Build.0 = Release|Any CPU
	EndGlobalSection
	GlobalSection(SolutionProperties) = preSolution
		HideSolutionNode = FALSE
	EndGlobalSection
	GlobalSection(ExtensibilityGlobals) = postSolution
		SolutionGuid = {D5D45EFF-9A18-44B9-8F0E-C651A49038D0}
	EndGlobalSection
EndGlobal
